
Microsoft Visual Studio Solution File, Format Version 12.00
# Visual Studio Version 17
VisualStudioVersion = 17.2.32630.192
MinimumVisualStudioVersion = 10.0.40219.1
Project("{9A19103F-16F7-4668-BE54-9A1E7A4F7556}") = "AuthorizationApp", "AuthorizationApp.csproj", "{F5AA9D65-1FAB-44C5-9929-12328F5DD23B}"
EndProject
Global
	GlobalSection(SolutionConfigurationPlatforms) = preSolution
		Debug|Any CPU = Debug|Any CPU
		Release|Any CPU = Release|Any CPU
	EndGlobalSection
	GlobalSection(ProjectConfigurationPlatforms) = postSolution
		{F5AA9D65-1FAB-44C5-9929-12328F5DD23B}.Debug|Any CPU.ActiveCfg = Debug|Any CPU
		{F5AA9D65-1FAB-44C5-9929-12328F5DD23B}.Debug|Any CPU.Build.0 = Debug|Any CPU
		{F5AA9D65-1FAB-44C5-9929-12328F5DD23B}.Release|Any CPU.ActiveCfg = Release|Any CPU
		{F5AA9D65-1FAB-44C5-9929-12328F5DD23B}.Release|Any CPU.Build.0 = Release|Any CPU
	EndGlobalSection
	GlobalSection(SolutionProperties) = preSolution
		HideSolutionNode = FALSE
	EndGlobalSection
	GlobalSection(ExtensibilityGlobals) = postSolution
		SolutionGuid = {EB92B5DF-3528-4553-A316-CF9091B21449}
	EndGlobalSection
EndGlobal
